// !$*UTF8*$!
{
	archiveVersion = 1;
	classes = {
	};
	objectVersion = 51;
	objects = {

/* Begin PBXBuildFile section */
		0D15BC2525335D6F003152C3 /* AppDelegate.swift in Sources */ = {isa = PBXBuildFile; fileRef = 0D15BC2425335D6F003152C3 /* AppDelegate.swift */; };
		0D15BC2925335D6F003152C3 /* ViewController.swift in Sources */ = {isa = PBXBuildFile; fileRef = 0D15BC2825335D6F003152C3 /* ViewController.swift */; };
		0D15BC2E25335D73003152C3 /* Assets.xcassets in Resources */ = {isa = PBXBuildFile; fileRef = 0D15BC2D25335D73003152C3 /* Assets.xcassets */; };
		0D15BC3125335D73003152C3 /* LaunchScreen.storyboard in Resources */ = {isa = PBXBuildFile; fileRef = 0D15BC2F25335D73003152C3 /* LaunchScreen.storyboard */; };
		0D15BC3C25335D73003152C3 /* ImageViewerTests.swift in Sources */ = {isa = PBXBuildFile; fileRef = 0D15BC3B25335D73003152C3 /* ImageViewerTests.swift */; };
		0D15BC4725335D73003152C3 /* ImageViewerUITests.swift in Sources */ = {isa = PBXBuildFile; fileRef = 0D15BC4625335D73003152C3 /* ImageViewerUITests.swift */; };
		0D15BC6C25335FFE003152C3 /* Coordinator.swift in Sources */ = {isa = PBXBuildFile; fileRef = 0D15BC6B25335FFE003152C3 /* Coordinator.swift */; };
		0D15BC7125336031003152C3 /* MainCoordinator.swift in Sources */ = {isa = PBXBuildFile; fileRef = 0D15BC7025336031003152C3 /* MainCoordinator.swift */; };
		0D24778C253364D20074D297 /* ReachabilityHandler.swift in Sources */ = {isa = PBXBuildFile; fileRef = 0D24778B253364D20074D297 /* ReachabilityHandler.swift */; };
		0D2477922533683B0074D297 /* URLRouter.swift in Sources */ = {isa = PBXBuildFile; fileRef = 0D2477912533683B0074D297 /* URLRouter.swift */; };
		0D247797253368510074D297 /* NetworkService.swift in Sources */ = {isa = PBXBuildFile; fileRef = 0D247796253368510074D297 /* NetworkService.swift */; };
		0D24779C2533685C0074D297 /* NetworkError.swift in Sources */ = {isa = PBXBuildFile; fileRef = 0D24779B2533685C0074D297 /* NetworkError.swift */; };
		0D2477A2253368CA0074D297 /* URL+Extensions.swift in Sources */ = {isa = PBXBuildFile; fileRef = 0D2477A1253368CA0074D297 /* URL+Extensions.swift */; };
		0D2477A8253369930074D297 /* ThreadHelper.swift in Sources */ = {isa = PBXBuildFile; fileRef = 0D2477A7253369930074D297 /* ThreadHelper.swift */; };
		0D2477AE25336BEF0074D297 /* ImageModel.swift in Sources */ = {isa = PBXBuildFile; fileRef = 0D2477AD25336BEF0074D297 /* ImageModel.swift */; };
		6015893B0D236178532D8D13 /* Pods_ImageViewer_ImageViewerUITests.framework in Frameworks */ = {isa = PBXBuildFile; fileRef = 120E5F1A8E789B2F032E5842 /* Pods_ImageViewer_ImageViewerUITests.framework */; };
		E899C020E19A53BD248118DF /* Pods_ImageViewer.framework in Frameworks */ = {isa = PBXBuildFile; fileRef = 8B8B184728C14FBF2DC235FE /* Pods_ImageViewer.framework */; };
		EBED9DE842B631F3DFFDFA8E /* Pods_ImageViewerTests.framework in Frameworks */ = {isa = PBXBuildFile; fileRef = 1964A3BA2242450435850628 /* Pods_ImageViewerTests.framework */; };
/* End PBXBuildFile section */

/* Begin PBXContainerItemProxy section */
		0D15BC3825335D73003152C3 /* PBXContainerItemProxy */ = {
			isa = PBXContainerItemProxy;
			containerPortal = 0D15BC1925335D6F003152C3 /* Project object */;
			proxyType = 1;
			remoteGlobalIDString = 0D15BC2025335D6F003152C3;
			remoteInfo = ImageViewer;
		};
		0D15BC4325335D73003152C3 /* PBXContainerItemProxy */ = {
			isa = PBXContainerItemProxy;
			containerPortal = 0D15BC1925335D6F003152C3 /* Project object */;
			proxyType = 1;
			remoteGlobalIDString = 0D15BC2025335D6F003152C3;
			remoteInfo = ImageViewer;
		};
/* End PBXContainerItemProxy section */

/* Begin PBXFileReference section */
		0D15BC2125335D6F003152C3 /* ImageViewer.app */ = {isa = PBXFileReference; explicitFileType = wrapper.application; includeInIndex = 0; path = ImageViewer.app; sourceTree = BUILT_PRODUCTS_DIR; };
		0D15BC2425335D6F003152C3 /* AppDelegate.swift */ = {isa = PBXFileReference; lastKnownFileType = sourcecode.swift; path = AppDelegate.swift; sourceTree = "<group>"; };
		0D15BC2825335D6F003152C3 /* ViewController.swift */ = {isa = PBXFileReference; lastKnownFileType = sourcecode.swift; path = ViewController.swift; sourceTree = "<group>"; };
		0D15BC2D25335D73003152C3 /* Assets.xcassets */ = {isa = PBXFileReference; lastKnownFileType = folder.assetcatalog; path = Assets.xcassets; sourceTree = "<group>"; };
		0D15BC3025335D73003152C3 /* Base */ = {isa = PBXFileReference; lastKnownFileType = file.storyboard; name = Base; path = Base.lproj/LaunchScreen.storyboard; sourceTree = "<group>"; };
		0D15BC3225335D73003152C3 /* Info.plist */ = {isa = PBXFileReference; lastKnownFileType = text.plist.xml; path = Info.plist; sourceTree = "<group>"; };
		0D15BC3725335D73003152C3 /* ImageViewerTests.xctest */ = {isa = PBXFileReference; explicitFileType = wrapper.cfbundle; includeInIndex = 0; path = ImageViewerTests.xctest; sourceTree = BUILT_PRODUCTS_DIR; };
		0D15BC3B25335D73003152C3 /* ImageViewerTests.swift */ = {isa = PBXFileReference; lastKnownFileType = sourcecode.swift; path = ImageViewerTests.swift; sourceTree = "<group>"; };
		0D15BC3D25335D73003152C3 /* Info.plist */ = {isa = PBXFileReference; lastKnownFileType = text.plist.xml; path = Info.plist; sourceTree = "<group>"; };
		0D15BC4225335D73003152C3 /* ImageViewerUITests.xctest */ = {isa = PBXFileReference; explicitFileType = wrapper.cfbundle; includeInIndex = 0; path = ImageViewerUITests.xctest; sourceTree = BUILT_PRODUCTS_DIR; };
		0D15BC4625335D73003152C3 /* ImageViewerUITests.swift */ = {isa = PBXFileReference; lastKnownFileType = sourcecode.swift; path = ImageViewerUITests.swift; sourceTree = "<group>"; };
		0D15BC4825335D73003152C3 /* Info.plist */ = {isa = PBXFileReference; lastKnownFileType = text.plist.xml; path = Info.plist; sourceTree = "<group>"; };
		0D15BC6B25335FFE003152C3 /* Coordinator.swift */ = {isa = PBXFileReference; lastKnownFileType = sourcecode.swift; path = Coordinator.swift; sourceTree = "<group>"; };
		0D15BC7025336031003152C3 /* MainCoordinator.swift */ = {isa = PBXFileReference; lastKnownFileType = sourcecode.swift; path = MainCoordinator.swift; sourceTree = "<group>"; };
		0D24778B253364D20074D297 /* ReachabilityHandler.swift */ = {isa = PBXFileReference; lastKnownFileType = sourcecode.swift; path = ReachabilityHandler.swift; sourceTree = "<group>"; };
		0D2477912533683B0074D297 /* URLRouter.swift */ = {isa = PBXFileReference; lastKnownFileType = sourcecode.swift; path = URLRouter.swift; sourceTree = "<group>"; };
		0D247796253368510074D297 /* NetworkService.swift */ = {isa = PBXFileReference; lastKnownFileType = sourcecode.swift; path = NetworkService.swift; sourceTree = "<group>"; };
		0D24779B2533685C0074D297 /* NetworkError.swift */ = {isa = PBXFileReference; lastKnownFileType = sourcecode.swift; path = NetworkError.swift; sourceTree = "<group>"; };
		0D2477A1253368CA0074D297 /* URL+Extensions.swift */ = {isa = PBXFileReference; lastKnownFileType = sourcecode.swift; path = "URL+Extensions.swift"; sourceTree = "<group>"; };
		0D2477A7253369930074D297 /* ThreadHelper.swift */ = {isa = PBXFileReference; lastKnownFileType = sourcecode.swift; path = ThreadHelper.swift; sourceTree = "<group>"; };
		0D2477AD25336BEF0074D297 /* ImageModel.swift */ = {isa = PBXFileReference; lastKnownFileType = sourcecode.swift; path = ImageModel.swift; sourceTree = "<group>"; };
		120E5F1A8E789B2F032E5842 /* Pods_ImageViewer_ImageViewerUITests.framework */ = {isa = PBXFileReference; explicitFileType = wrapper.framework; includeInIndex = 0; path = Pods_ImageViewer_ImageViewerUITests.framework; sourceTree = BUILT_PRODUCTS_DIR; };
		1964A3BA2242450435850628 /* Pods_ImageViewerTests.framework */ = {isa = PBXFileReference; explicitFileType = wrapper.framework; includeInIndex = 0; path = Pods_ImageViewerTests.framework; sourceTree = BUILT_PRODUCTS_DIR; };
		684972DCC3B93037CEB7C0F2 /* Pods-ImageViewer.debug.xcconfig */ = {isa = PBXFileReference; includeInIndex = 1; lastKnownFileType = text.xcconfig; name = "Pods-ImageViewer.debug.xcconfig"; path = "Target Support Files/Pods-ImageViewer/Pods-ImageViewer.debug.xcconfig"; sourceTree = "<group>"; };
		68DA22A2F4BCDE62915EFF23 /* Pods-ImageViewerTests.release.xcconfig */ = {isa = PBXFileReference; includeInIndex = 1; lastKnownFileType = text.xcconfig; name = "Pods-ImageViewerTests.release.xcconfig"; path = "Target Support Files/Pods-ImageViewerTests/Pods-ImageViewerTests.release.xcconfig"; sourceTree = "<group>"; };
		6B3C2EF83FC9B3B324C9FAD7 /* Pods-ImageViewer-ImageViewerUITests.release.xcconfig */ = {isa = PBXFileReference; includeInIndex = 1; lastKnownFileType = text.xcconfig; name = "Pods-ImageViewer-ImageViewerUITests.release.xcconfig"; path = "Target Support Files/Pods-ImageViewer-ImageViewerUITests/Pods-ImageViewer-ImageViewerUITests.release.xcconfig"; sourceTree = "<group>"; };
		8B8B184728C14FBF2DC235FE /* Pods_ImageViewer.framework */ = {isa = PBXFileReference; explicitFileType = wrapper.framework; includeInIndex = 0; path = Pods_ImageViewer.framework; sourceTree = BUILT_PRODUCTS_DIR; };
		A36C41FA20BCC382864E7A0B /* Pods-ImageViewer-ImageViewerUITests.debug.xcconfig */ = {isa = PBXFileReference; includeInIndex = 1; lastKnownFileType = text.xcconfig; name = "Pods-ImageViewer-ImageViewerUITests.debug.xcconfig"; path = "Target Support Files/Pods-ImageViewer-ImageViewerUITests/Pods-ImageViewer-ImageViewerUITests.debug.xcconfig"; sourceTree = "<group>"; };
		A861A12F0E023EA16D9980D8 /* Pods-ImageViewer.release.xcconfig */ = {isa = PBXFileReference; includeInIndex = 1; lastKnownFileType = text.xcconfig; name = "Pods-ImageViewer.release.xcconfig"; path = "Target Support Files/Pods-ImageViewer/Pods-ImageViewer.release.xcconfig"; sourceTree = "<group>"; };
		D9F6B624CD0EF188AB15DA7E /* Pods-ImageViewerTests.debug.xcconfig */ = {isa = PBXFileReference; includeInIndex = 1; lastKnownFileType = text.xcconfig; name = "Pods-ImageViewerTests.debug.xcconfig"; path = "Target Support Files/Pods-ImageViewerTests/Pods-ImageViewerTests.debug.xcconfig"; sourceTree = "<group>"; };
/* End PBXFileReference section */

/* Begin PBXFrameworksBuildPhase section */
		0D15BC1E25335D6F003152C3 /* Frameworks */ = {
			isa = PBXFrameworksBuildPhase;
			buildActionMask = 2147483647;
			files = (
				E899C020E19A53BD248118DF /* Pods_ImageViewer.framework in Frameworks */,
			);
			runOnlyForDeploymentPostprocessing = 0;
		};
		0D15BC3425335D73003152C3 /* Frameworks */ = {
			isa = PBXFrameworksBuildPhase;
			buildActionMask = 2147483647;
			files = (
				EBED9DE842B631F3DFFDFA8E /* Pods_ImageViewerTests.framework in Frameworks */,
			);
			runOnlyForDeploymentPostprocessing = 0;
		};
		0D15BC3F25335D73003152C3 /* Frameworks */ = {
			isa = PBXFrameworksBuildPhase;
			buildActionMask = 2147483647;
			files = (
				6015893B0D236178532D8D13 /* Pods_ImageViewer_ImageViewerUITests.framework in Frameworks */,
			);
			runOnlyForDeploymentPostprocessing = 0;
		};
/* End PBXFrameworksBuildPhase section */

/* Begin PBXGroup section */
		0D15BC1825335D6F003152C3 = {
			isa = PBXGroup;
			children = (
				0D15BC2325335D6F003152C3 /* ImageViewer */,
				0D15BC3A25335D73003152C3 /* ImageViewerTests */,
				0D15BC4525335D73003152C3 /* ImageViewerUITests */,
				0D15BC2225335D6F003152C3 /* Products */,
				E7E44C47E39213EF628DDC39 /* Pods */,
				F689603EEA02C216A9707ADF /* Frameworks */,
			);
			sourceTree = "<group>";
		};
		0D15BC2225335D6F003152C3 /* Products */ = {
			isa = PBXGroup;
			children = (
				0D15BC2125335D6F003152C3 /* ImageViewer.app */,
				0D15BC3725335D73003152C3 /* ImageViewerTests.xctest */,
				0D15BC4225335D73003152C3 /* ImageViewerUITests.xctest */,
			);
			name = Products;
			sourceTree = "<group>";
		};
		0D15BC2325335D6F003152C3 /* ImageViewer */ = {
			isa = PBXGroup;
			children = (
				0D2477AC25336BC70074D297 /* Models */,
				0D2477A6253369840074D297 /* Utils */,
				0D2477A0253368A20074D297 /* Extensions */,
				0D247789253364A40074D297 /* Network */,
				0D15BC6A25335FDA003152C3 /* Coordinator */,
				0D15BC2425335D6F003152C3 /* AppDelegate.swift */,
				0D15BC2825335D6F003152C3 /* ViewController.swift */,
				0D15BC2D25335D73003152C3 /* Assets.xcassets */,
				0D15BC2F25335D73003152C3 /* LaunchScreen.storyboard */,
				0D15BC3225335D73003152C3 /* Info.plist */,
			);
			path = ImageViewer;
			sourceTree = "<group>";
		};
		0D15BC3A25335D73003152C3 /* ImageViewerTests */ = {
			isa = PBXGroup;
			children = (
				0D15BC3B25335D73003152C3 /* ImageViewerTests.swift */,
				0D15BC3D25335D73003152C3 /* Info.plist */,
			);
			path = ImageViewerTests;
			sourceTree = "<group>";
		};
		0D15BC4525335D73003152C3 /* ImageViewerUITests */ = {
			isa = PBXGroup;
			children = (
				0D15BC4625335D73003152C3 /* ImageViewerUITests.swift */,
				0D15BC4825335D73003152C3 /* Info.plist */,
			);
			path = ImageViewerUITests;
			sourceTree = "<group>";
		};
		0D15BC6A25335FDA003152C3 /* Coordinator */ = {
			isa = PBXGroup;
			children = (
				0D15BC6B25335FFE003152C3 /* Coordinator.swift */,
				0D15BC7025336031003152C3 /* MainCoordinator.swift */,
			);
			path = Coordinator;
			sourceTree = "<group>";
		};
		0D247789253364A40074D297 /* Network */ = {
			isa = PBXGroup;
			children = (
				0D2477902533681E0074D297 /* APIHandler */,
				0D24778A253364AB0074D297 /* ReachabilityHandler */,
			);
			path = Network;
			sourceTree = "<group>";
		};
		0D24778A253364AB0074D297 /* ReachabilityHandler */ = {
			isa = PBXGroup;
			children = (
				0D24778B253364D20074D297 /* ReachabilityHandler.swift */,
			);
			path = ReachabilityHandler;
			sourceTree = "<group>";
		};
		0D2477902533681E0074D297 /* APIHandler */ = {
			isa = PBXGroup;
			children = (
				0D2477912533683B0074D297 /* URLRouter.swift */,
				0D247796253368510074D297 /* NetworkService.swift */,
				0D24779B2533685C0074D297 /* NetworkError.swift */,
			);
			path = APIHandler;
			sourceTree = "<group>";
		};
		0D2477A0253368A20074D297 /* Extensions */ = {
			isa = PBXGroup;
			children = (
				0D2477A1253368CA0074D297 /* URL+Extensions.swift */,
			);
			path = Extensions;
			sourceTree = "<group>";
		};
		0D2477A6253369840074D297 /* Utils */ = {
			isa = PBXGroup;
			children = (
				0D2477A7253369930074D297 /* ThreadHelper.swift */,
			);
			path = Utils;
			sourceTree = "<group>";
		};
		0D2477AC25336BC70074D297 /* Models */ = {
			isa = PBXGroup;
			children = (
				0D2477AD25336BEF0074D297 /* ImageModel.swift */,
			);
			path = Models;
			sourceTree = "<group>";
		};
		E7E44C47E39213EF628DDC39 /* Pods */ = {
			isa = PBXGroup;
			children = (
				684972DCC3B93037CEB7C0F2 /* Pods-ImageViewer.debug.xcconfig */,
				A861A12F0E023EA16D9980D8 /* Pods-ImageViewer.release.xcconfig */,
				A36C41FA20BCC382864E7A0B /* Pods-ImageViewer-ImageViewerUITests.debug.xcconfig */,
				6B3C2EF83FC9B3B324C9FAD7 /* Pods-ImageViewer-ImageViewerUITests.release.xcconfig */,
				D9F6B624CD0EF188AB15DA7E /* Pods-ImageViewerTests.debug.xcconfig */,
				68DA22A2F4BCDE62915EFF23 /* Pods-ImageViewerTests.release.xcconfig */,
			);
			path = Pods;
			sourceTree = "<group>";
		};
		F689603EEA02C216A9707ADF /* Frameworks */ = {
			isa = PBXGroup;
			children = (
				8B8B184728C14FBF2DC235FE /* Pods_ImageViewer.framework */,
				120E5F1A8E789B2F032E5842 /* Pods_ImageViewer_ImageViewerUITests.framework */,
				1964A3BA2242450435850628 /* Pods_ImageViewerTests.framework */,
			);
			name = Frameworks;
			sourceTree = "<group>";
		};
/* End PBXGroup section */

/* Begin PBXNativeTarget section */
		0D15BC2025335D6F003152C3 /* ImageViewer */ = {
			isa = PBXNativeTarget;
			buildConfigurationList = 0D15BC4B25335D73003152C3 /* Build configuration list for PBXNativeTarget "ImageViewer" */;
			buildPhases = (
				B216FE40585638DE3DB05131 /* [CP] Check Pods Manifest.lock */,
				0D15BC1D25335D6F003152C3 /* Sources */,
				0D15BC1E25335D6F003152C3 /* Frameworks */,
				0D15BC1F25335D6F003152C3 /* Resources */,
				B4D4AE3EEEC9B2E21DF8482F /* [CP] Embed Pods Frameworks */,
			);
			buildRules = (
			);
			dependencies = (
			);
			name = ImageViewer;
			productName = ImageViewer;
			productReference = 0D15BC2125335D6F003152C3 /* ImageViewer.app */;
			productType = "com.apple.product-type.application";
		};
		0D15BC3625335D73003152C3 /* ImageViewerTests */ = {
			isa = PBXNativeTarget;
			buildConfigurationList = 0D15BC4E25335D73003152C3 /* Build configuration list for PBXNativeTarget "ImageViewerTests" */;
			buildPhases = (
				FF782DB6BCA9946B9A4E82F4 /* [CP] Check Pods Manifest.lock */,
				0D15BC3325335D73003152C3 /* Sources */,
				0D15BC3425335D73003152C3 /* Frameworks */,
				0D15BC3525335D73003152C3 /* Resources */,
			);
			buildRules = (
			);
			dependencies = (
				0D15BC3925335D73003152C3 /* PBXTargetDependency */,
			);
			name = ImageViewerTests;
			productName = ImageViewerTests;
			productReference = 0D15BC3725335D73003152C3 /* ImageViewerTests.xctest */;
			productType = "com.apple.product-type.bundle.unit-test";
		};
		0D15BC4125335D73003152C3 /* ImageViewerUITests */ = {
			isa = PBXNativeTarget;
			buildConfigurationList = 0D15BC5125335D73003152C3 /* Build configuration list for PBXNativeTarget "ImageViewerUITests" */;
			buildPhases = (
				3363865A9E93DB80BE2FA20E /* [CP] Check Pods Manifest.lock */,
				0D15BC3E25335D73003152C3 /* Sources */,
				0D15BC3F25335D73003152C3 /* Frameworks */,
				0D15BC4025335D73003152C3 /* Resources */,
				701DF1DD148D431069F718C4 /* [CP] Embed Pods Frameworks */,
			);
			buildRules = (
			);
			dependencies = (
				0D15BC4425335D73003152C3 /* PBXTargetDependency */,
			);
			name = ImageViewerUITests;
			productName = ImageViewerUITests;
			productReference = 0D15BC4225335D73003152C3 /* ImageViewerUITests.xctest */;
			productType = "com.apple.product-type.bundle.ui-testing";
		};
/* End PBXNativeTarget section */

/* Begin PBXProject section */
		0D15BC1925335D6F003152C3 /* Project object */ = {
			isa = PBXProject;
			attributes = {
				LastSwiftUpdateCheck = 1200;
				LastUpgradeCheck = 1200;
				TargetAttributes = {
					0D15BC2025335D6F003152C3 = {
						CreatedOnToolsVersion = 12.0.1;
					};
					0D15BC3625335D73003152C3 = {
						CreatedOnToolsVersion = 12.0.1;
						TestTargetID = 0D15BC2025335D6F003152C3;
					};
					0D15BC4125335D73003152C3 = {
						CreatedOnToolsVersion = 12.0.1;
						TestTargetID = 0D15BC2025335D6F003152C3;
					};
				};
			};
			buildConfigurationList = 0D15BC1C25335D6F003152C3 /* Build configuration list for PBXProject "ImageViewer" */;
			compatibilityVersion = "Xcode 9.3";
			developmentRegion = en;
			hasScannedForEncodings = 0;
			knownRegions = (
				en,
				Base,
			);
			mainGroup = 0D15BC1825335D6F003152C3;
			productRefGroup = 0D15BC2225335D6F003152C3 /* Products */;
			projectDirPath = "";
			projectRoot = "";
			targets = (
				0D15BC2025335D6F003152C3 /* ImageViewer */,
				0D15BC3625335D73003152C3 /* ImageViewerTests */,
				0D15BC4125335D73003152C3 /* ImageViewerUITests */,
			);
		};
/* End PBXProject section */

/* Begin PBXResourcesBuildPhase section */
		0D15BC1F25335D6F003152C3 /* Resources */ = {
			isa = PBXResourcesBuildPhase;
			buildActionMask = 2147483647;
			files = (
				0D15BC3125335D73003152C3 /* LaunchScreen.storyboard in Resources */,
				0D15BC2E25335D73003152C3 /* Assets.xcassets in Resources */,
			);
			runOnlyForDeploymentPostprocessing = 0;
		};
		0D15BC3525335D73003152C3 /* Resources */ = {
			isa = PBXResourcesBuildPhase;
			buildActionMask = 2147483647;
			files = (
			);
			runOnlyForDeploymentPostprocessing = 0;
		};
		0D15BC4025335D73003152C3 /* Resources */ = {
			isa = PBXResourcesBuildPhase;
			buildActionMask = 2147483647;
			files = (
			);
			runOnlyForDeploymentPostprocessing = 0;
		};
/* End PBXResourcesBuildPhase section */

/* Begin PBXShellScriptBuildPhase section */
		3363865A9E93DB80BE2FA20E /* [CP] Check Pods Manifest.lock */ = {
			isa = PBXShellScriptBuildPhase;
			buildActionMask = 2147483647;
			files = (
			);
			inputFileListPaths = (
			);
			inputPaths = (
				"${PODS_PODFILE_DIR_PATH}/Podfile.lock",
				"${PODS_ROOT}/Manifest.lock",
			);
			name = "[CP] Check Pods Manifest.lock";
			outputFileListPaths = (
			);
			outputPaths = (
				"$(DERIVED_FILE_DIR)/Pods-ImageViewer-ImageViewerUITests-checkManifestLockResult.txt",
			);
			runOnlyForDeploymentPostprocessing = 0;
			shellPath = /bin/sh;
			shellScript = "diff \"${PODS_PODFILE_DIR_PATH}/Podfile.lock\" \"${PODS_ROOT}/Manifest.lock\" > /dev/null\nif [ $? != 0 ] ; then\n    # print error to STDERR\n    echo \"error: The sandbox is not in sync with the Podfile.lock. Run 'pod install' or update your CocoaPods installation.\" >&2\n    exit 1\nfi\n# This output is used by Xcode 'outputs' to avoid re-running this script phase.\necho \"SUCCESS\" > \"${SCRIPT_OUTPUT_FILE_0}\"\n";
			showEnvVarsInLog = 0;
		};
		701DF1DD148D431069F718C4 /* [CP] Embed Pods Frameworks */ = {
			isa = PBXShellScriptBuildPhase;
			buildActionMask = 2147483647;
			files = (
			);
			inputFileListPaths = (
				"${PODS_ROOT}/Target Support Files/Pods-ImageViewer-ImageViewerUITests/Pods-ImageViewer-ImageViewerUITests-frameworks-${CONFIGURATION}-input-files.xcfilelist",
			);
			name = "[CP] Embed Pods Frameworks";
			outputFileListPaths = (
				"${PODS_ROOT}/Target Support Files/Pods-ImageViewer-ImageViewerUITests/Pods-ImageViewer-ImageViewerUITests-frameworks-${CONFIGURATION}-output-files.xcfilelist",
			);
			runOnlyForDeploymentPostprocessing = 0;
			shellPath = /bin/sh;
			shellScript = "\"${PODS_ROOT}/Target Support Files/Pods-ImageViewer-ImageViewerUITests/Pods-ImageViewer-ImageViewerUITests-frameworks.sh\"\n";
			showEnvVarsInLog = 0;
		};
		B216FE40585638DE3DB05131 /* [CP] Check Pods Manifest.lock */ = {
			isa = PBXShellScriptBuildPhase;
			buildActionMask = 2147483647;
			files = (
			);
			inputFileListPaths = (
			);
			inputPaths = (
				"${PODS_PODFILE_DIR_PATH}/Podfile.lock",
				"${PODS_ROOT}/Manifest.lock",
			);
			name = "[CP] Check Pods Manifest.lock";
			outputFileListPaths = (
			);
			outputPaths = (
				"$(DERIVED_FILE_DIR)/Pods-ImageViewer-checkManifestLockResult.txt",
			);
			runOnlyForDeploymentPostprocessing = 0;
			shellPath = /bin/sh;
			shellScript = "diff \"${PODS_PODFILE_DIR_PATH}/Podfile.lock\" \"${PODS_ROOT}/Manifest.lock\" > /dev/null\nif [ $? != 0 ] ; then\n    # print error to STDERR\n    echo \"error: The sandbox is not in sync with the Podfile.lock. Run 'pod install' or update your CocoaPods installation.\" >&2\n    exit 1\nfi\n# This output is used by Xcode 'outputs' to avoid re-running this script phase.\necho \"SUCCESS\" > \"${SCRIPT_OUTPUT_FILE_0}\"\n";
			showEnvVarsInLog = 0;
		};
		B4D4AE3EEEC9B2E21DF8482F /* [CP] Embed Pods Frameworks */ = {
			isa = PBXShellScriptBuildPhase;
			buildActionMask = 2147483647;
			files = (
			);
			inputFileListPaths = (
				"${PODS_ROOT}/Target Support Files/Pods-ImageViewer/Pods-ImageViewer-frameworks-${CONFIGURATION}-input-files.xcfilelist",
			);
			name = "[CP] Embed Pods Frameworks";
			outputFileListPaths = (
				"${PODS_ROOT}/Target Support Files/Pods-ImageViewer/Pods-ImageViewer-frameworks-${CONFIGURATION}-output-files.xcfilelist",
			);
			runOnlyForDeploymentPostprocessing = 0;
			shellPath = /bin/sh;
			shellScript = "\"${PODS_ROOT}/Target Support Files/Pods-ImageViewer/Pods-ImageViewer-frameworks.sh\"\n";
			showEnvVarsInLog = 0;
		};
		FF782DB6BCA9946B9A4E82F4 /* [CP] Check Pods Manifest.lock */ = {
			isa = PBXShellScriptBuildPhase;
			buildActionMask = 2147483647;
			files = (
			);
			inputFileListPaths = (
			);
			inputPaths = (
				"${PODS_PODFILE_DIR_PATH}/Podfile.lock",
				"${PODS_ROOT}/Manifest.lock",
			);
			name = "[CP] Check Pods Manifest.lock";
			outputFileListPaths = (
			);
			outputPaths = (
				"$(DERIVED_FILE_DIR)/Pods-ImageViewerTests-checkManifestLockResult.txt",
			);
			runOnlyForDeploymentPostprocessing = 0;
			shellPath = /bin/sh;
			shellScript = "diff \"${PODS_PODFILE_DIR_PATH}/Podfile.lock\" \"${PODS_ROOT}/Manifest.lock\" > /dev/null\nif [ $? != 0 ] ; then\n    # print error to STDERR\n    echo \"error: The sandbox is not in sync with the Podfile.lock. Run 'pod install' or update your CocoaPods installation.\" >&2\n    exit 1\nfi\n# This output is used by Xcode 'outputs' to avoid re-running this script phase.\necho \"SUCCESS\" > \"${SCRIPT_OUTPUT_FILE_0}\"\n";
			showEnvVarsInLog = 0;
		};
/* End PBXShellScriptBuildPhase section */

/* Begin PBXSourcesBuildPhase section */
		0D15BC1D25335D6F003152C3 /* Sources */ = {
			isa = PBXSourcesBuildPhase;
			buildActionMask = 2147483647;
			files = (
				0D2477AE25336BEF0074D297 /* ImageModel.swift in Sources */,
				0D2477922533683B0074D297 /* URLRouter.swift in Sources */,
				0D24779C2533685C0074D297 /* NetworkError.swift in Sources */,
				0D24778C253364D20074D297 /* ReachabilityHandler.swift in Sources */,
				0D15BC2925335D6F003152C3 /* ViewController.swift in Sources */,
				0D2477A2253368CA0074D297 /* URL+Extensions.swift in Sources */,
				0D2477A8253369930074D297 /* ThreadHelper.swift in Sources */,
				0D15BC7125336031003152C3 /* MainCoordinator.swift in Sources */,
				0D15BC2525335D6F003152C3 /* AppDelegate.swift in Sources */,
				0D15BC6C25335FFE003152C3 /* Coordinator.swift in Sources */,
				0D247797253368510074D297 /* NetworkService.swift in Sources */,
			);
			runOnlyForDeploymentPostprocessing = 0;
		};
		0D15BC3325335D73003152C3 /* Sources */ = {
			isa = PBXSourcesBuildPhase;
			buildActionMask = 2147483647;
			files = (
				0D15BC3C25335D73003152C3 /* ImageViewerTests.swift in Sources */,
			);
			runOnlyForDeploymentPostprocessing = 0;
		};
		0D15BC3E25335D73003152C3 /* Sources */ = {
			isa = PBXSourcesBuildPhase;
			buildActionMask = 2147483647;
			files = (
				0D15BC4725335D73003152C3 /* ImageViewerUITests.swift in Sources */,
			);
			runOnlyForDeploymentPostprocessing = 0;
		};
/* End PBXSourcesBuildPhase section */

/* Begin PBXTargetDependency section */
		0D15BC3925335D73003152C3 /* PBXTargetDependency */ = {
			isa = PBXTargetDependency;
			target = 0D15BC2025335D6F003152C3 /* ImageViewer */;
			targetProxy = 0D15BC3825335D73003152C3 /* PBXContainerItemProxy */;
		};
		0D15BC4425335D73003152C3 /* PBXTargetDependency */ = {
			isa = PBXTargetDependency;
			target = 0D15BC2025335D6F003152C3 /* ImageViewer */;
			targetProxy = 0D15BC4325335D73003152C3 /* PBXContainerItemProxy */;
		};
/* End PBXTargetDependency section */

/* Begin PBXVariantGroup section */
		0D15BC2F25335D73003152C3 /* LaunchScreen.storyboard */ = {
			isa = PBXVariantGroup;
			children = (
				0D15BC3025335D73003152C3 /* Base */,
			);
			name = LaunchScreen.storyboard;
			sourceTree = "<group>";
		};
/* End PBXVariantGroup section */

/* Begin XCBuildConfiguration section */
		0D15BC4925335D73003152C3 /* Debug */ = {
			isa = XCBuildConfiguration;
			buildSettings = {
				ALWAYS_SEARCH_USER_PATHS = NO;
				CLANG_ANALYZER_NONNULL = YES;
				CLANG_ANALYZER_NUMBER_OBJECT_CONVERSION = YES_AGGRESSIVE;
				CLANG_CXX_LANGUAGE_STANDARD = "gnu++14";
				CLANG_CXX_LIBRARY = "libc++";
				CLANG_ENABLE_MODULES = YES;
				CLANG_ENABLE_OBJC_ARC = YES;
				CLANG_ENABLE_OBJC_WEAK = YES;
				CLANG_WARN_BLOCK_CAPTURE_AUTORELEASING = YES;
				CLANG_WARN_BOOL_CONVERSION = YES;
				CLANG_WARN_COMMA = YES;
				CLANG_WARN_CONSTANT_CONVERSION = YES;
				CLANG_WARN_DEPRECATED_OBJC_IMPLEMENTATIONS = YES;
				CLANG_WARN_DIRECT_OBJC_ISA_USAGE = YES_ERROR;
				CLANG_WARN_DOCUMENTATION_COMMENTS = YES;
				CLANG_WARN_EMPTY_BODY = YES;
				CLANG_WARN_ENUM_CONVERSION = YES;
				CLANG_WARN_INFINITE_RECURSION = YES;
				CLANG_WARN_INT_CONVERSION = YES;
				CLANG_WARN_NON_LITERAL_NULL_CONVERSION = YES;
				CLANG_WARN_OBJC_IMPLICIT_RETAIN_SELF = YES;
				CLANG_WARN_OBJC_LITERAL_CONVERSION = YES;
				CLANG_WARN_OBJC_ROOT_CLASS = YES_ERROR;
				CLANG_WARN_QUOTED_INCLUDE_IN_FRAMEWORK_HEADER = YES;
				CLANG_WARN_RANGE_LOOP_ANALYSIS = YES;
				CLANG_WARN_STRICT_PROTOTYPES = YES;
				CLANG_WARN_SUSPICIOUS_MOVE = YES;
				CLANG_WARN_UNGUARDED_AVAILABILITY = YES_AGGRESSIVE;
				CLANG_WARN_UNREACHABLE_CODE = YES;
				CLANG_WARN__DUPLICATE_METHOD_MATCH = YES;
				COPY_PHASE_STRIP = NO;
				DEBUG_INFORMATION_FORMAT = dwarf;
				ENABLE_STRICT_OBJC_MSGSEND = YES;
				ENABLE_TESTABILITY = YES;
				GCC_C_LANGUAGE_STANDARD = gnu11;
				GCC_DYNAMIC_NO_PIC = NO;
				GCC_NO_COMMON_BLOCKS = YES;
				GCC_OPTIMIZATION_LEVEL = 0;
				GCC_PREPROCESSOR_DEFINITIONS = (
					"DEBUG=1",
					"$(inherited)",
				);
				GCC_WARN_64_TO_32_BIT_CONVERSION = YES;
				GCC_WARN_ABOUT_RETURN_TYPE = YES_ERROR;
				GCC_WARN_UNDECLARED_SELECTOR = YES;
				GCC_WARN_UNINITIALIZED_AUTOS = YES_AGGRESSIVE;
				GCC_WARN_UNUSED_FUNCTION = YES;
				GCC_WARN_UNUSED_VARIABLE = YES;
				IPHONEOS_DEPLOYMENT_TARGET = 12.0;
				MTL_ENABLE_DEBUG_INFO = INCLUDE_SOURCE;
				MTL_FAST_MATH = YES;
				ONLY_ACTIVE_ARCH = YES;
				SDKROOT = iphoneos;
				SWIFT_ACTIVE_COMPILATION_CONDITIONS = DEBUG;
				SWIFT_OPTIMIZATION_LEVEL = "-Onone";
			};
			name = Debug;
		};
		0D15BC4A25335D73003152C3 /* Release */ = {
			isa = XCBuildConfiguration;
			buildSettings = {
				ALWAYS_SEARCH_USER_PATHS = NO;
				CLANG_ANALYZER_NONNULL = YES;
				CLANG_ANALYZER_NUMBER_OBJECT_CONVERSION = YES_AGGRESSIVE;
				CLANG_CXX_LANGUAGE_STANDARD = "gnu++14";
				CLANG_CXX_LIBRARY = "libc++";
				CLANG_ENABLE_MODULES = YES;
				CLANG_ENABLE_OBJC_ARC = YES;
				CLANG_ENABLE_OBJC_WEAK = YES;
				CLANG_WARN_BLOCK_CAPTURE_AUTORELEASING = YES;
				CLANG_WARN_BOOL_CONVERSION = YES;
				CLANG_WARN_COMMA = YES;
				CLANG_WARN_CONSTANT_CONVERSION = YES;
				CLANG_WARN_DEPRECATED_OBJC_IMPLEMENTATIONS = YES;
				CLANG_WARN_DIRECT_OBJC_ISA_USAGE = YES_ERROR;
				CLANG_WARN_DOCUMENTATION_COMMENTS = YES;
				CLANG_WARN_EMPTY_BODY = YES;
				CLANG_WARN_ENUM_CONVERSION = YES;
				CLANG_WARN_INFINITE_RECURSION = YES;
				CLANG_WARN_INT_CONVERSION = YES;
				CLANG_WARN_NON_LITERAL_NULL_CONVERSION = YES;
				CLANG_WARN_OBJC_IMPLICIT_RETAIN_SELF = YES;
				CLANG_WARN_OBJC_LITERAL_CONVERSION = YES;
				CLANG_WARN_OBJC_ROOT_CLASS = YES_ERROR;
				CLANG_WARN_QUOTED_INCLUDE_IN_FRAMEWORK_HEADER = YES;
				CLANG_WARN_RANGE_LOOP_ANALYSIS = YES;
				CLANG_WARN_STRICT_PROTOTYPES = YES;
				CLANG_WARN_SUSPICIOUS_MOVE = YES;
				CLANG_WARN_UNGUARDED_AVAILABILITY = YES_AGGRESSIVE;
				CLANG_WARN_UNREACHABLE_CODE = YES;
				CLANG_WARN__DUPLICATE_METHOD_MATCH = YES;
				COPY_PHASE_STRIP = NO;
				DEBUG_INFORMATION_FORMAT = "dwarf-with-dsym";
				ENABLE_NS_ASSERTIONS = NO;
				ENABLE_STRICT_OBJC_MSGSEND = YES;
				GCC_C_LANGUAGE_STANDARD = gnu11;
				GCC_NO_COMMON_BLOCKS = YES;
				GCC_WARN_64_TO_32_BIT_CONVERSION = YES;
				GCC_WARN_ABOUT_RETURN_TYPE = YES_ERROR;
				GCC_WARN_UNDECLARED_SELECTOR = YES;
				GCC_WARN_UNINITIALIZED_AUTOS = YES_AGGRESSIVE;
				GCC_WARN_UNUSED_FUNCTION = YES;
				GCC_WARN_UNUSED_VARIABLE = YES;
				IPHONEOS_DEPLOYMENT_TARGET = 12.0;
				MTL_ENABLE_DEBUG_INFO = NO;
				MTL_FAST_MATH = YES;
				SDKROOT = iphoneos;
				SWIFT_COMPILATION_MODE = wholemodule;
				SWIFT_OPTIMIZATION_LEVEL = "-O";
				VALIDATE_PRODUCT = YES;
			};
			name = Release;
		};
		0D15BC4C25335D73003152C3 /* Debug */ = {
			isa = XCBuildConfiguration;
			baseConfigurationReference = 684972DCC3B93037CEB7C0F2 /* Pods-ImageViewer.debug.xcconfig */;
			buildSettings = {
				ASSETCATALOG_COMPILER_APPICON_NAME = AppIcon;
				ASSETCATALOG_COMPILER_GLOBAL_ACCENT_COLOR_NAME = AccentColor;
				CODE_SIGN_STYLE = Automatic;
				INFOPLIST_FILE = ImageViewer/Info.plist;
				LD_RUNPATH_SEARCH_PATHS = (
					"$(inherited)",
					"@executable_path/Frameworks",
				);
				PRODUCT_BUNDLE_IDENTIFIER = com.notthereyet.org.ImageViewer;
				PRODUCT_NAME = "$(TARGET_NAME)";
				SWIFT_VERSION = 5.0;
				TARGETED_DEVICE_FAMILY = "1,2";
			};
			name = Debug;
		};
		0D15BC4D25335D73003152C3 /* Release */ = {
			isa = XCBuildConfiguration;
			baseConfigurationReference = A861A12F0E023EA16D9980D8 /* Pods-ImageViewer.release.xcconfig */;
			buildSettings = {
				ASSETCATALOG_COMPILER_APPICON_NAME = AppIcon;
				ASSETCATALOG_COMPILER_GLOBAL_ACCENT_COLOR_NAME = AccentColor;
				CODE_SIGN_STYLE = Automatic;
				INFOPLIST_FILE = ImageViewer/Info.plist;
				LD_RUNPATH_SEARCH_PATHS = (
					"$(inherited)",
					"@executable_path/Frameworks",
				);
				PRODUCT_BUNDLE_IDENTIFIER = com.notthereyet.org.ImageViewer;
				PRODUCT_NAME = "$(TARGET_NAME)";
				SWIFT_VERSION = 5.0;
				TARGETED_DEVICE_FAMILY = "1,2";
			};
			name = Release;
		};
		0D15BC4F25335D73003152C3 /* Debug */ = {
			isa = XCBuildConfiguration;
			baseConfigurationReference = D9F6B624CD0EF188AB15DA7E /* Pods-ImageViewerTests.debug.xcconfig */;
			buildSettings = {
				ALWAYS_EMBED_SWIFT_STANDARD_LIBRARIES = YES;
				BUNDLE_LOADER = "$(TEST_HOST)";
				CODE_SIGN_STYLE = Automatic;
				INFOPLIST_FILE = ImageViewerTests/Info.plist;
				IPHONEOS_DEPLOYMENT_TARGET = 14.0;
				LD_RUNPATH_SEARCH_PATHS = (
					"$(inherited)",
					"@executable_path/Frameworks",
					"@loader_path/Frameworks",
				);
				PRODUCT_BUNDLE_IDENTIFIER = com.notthereyet.org.ImageViewerTests;
				PRODUCT_NAME = "$(TARGET_NAME)";
				SWIFT_VERSION = 5.0;
				TARGETED_DEVICE_FAMILY = "1,2";
				TEST_HOST = "$(BUILT_PRODUCTS_DIR)/ImageViewer.app/ImageViewer";
			};
			name = Debug;
		};
		0D15BC5025335D73003152C3 /* Release */ = {
			isa = XCBuildConfiguration;
			baseConfigurationReference = 68DA22A2F4BCDE62915EFF23 /* Pods-ImageViewerTests.release.xcconfig */;
			buildSettings = {
				ALWAYS_EMBED_SWIFT_STANDARD_LIBRARIES = YES;
				BUNDLE_LOADER = "$(TEST_HOST)";
				CODE_SIGN_STYLE = Automatic;
				INFOPLIST_FILE = ImageViewerTests/Info.plist;
				IPHONEOS_DEPLOYMENT_TARGET = 14.0;
				LD_RUNPATH_SEARCH_PATHS = (
					"$(inherited)",
					"@executable_path/Frameworks",
					"@loader_path/Frameworks",
				);
				PRODUCT_BUNDLE_IDENTIFIER = com.notthereyet.org.ImageViewerTests;
				PRODUCT_NAME = "$(TARGET_NAME)";
				SWIFT_VERSION = 5.0;
				TARGETED_DEVICE_FAMILY = "1,2";
				TEST_HOST = "$(BUILT_PRODUCTS_DIR)/ImageViewer.app/ImageViewer";
			};
			name = Release;
		};
		0D15BC5225335D73003152C3 /* Debug */ = {
			isa = XCBuildConfiguration;
			baseConfigurationReference = A36C41FA20BCC382864E7A0B /* Pods-ImageViewer-ImageViewerUITests.debug.xcconfig */;
			buildSettings = {
				ALWAYS_EMBED_SWIFT_STANDARD_LIBRARIES = YES;
				CODE_SIGN_STYLE = Automatic;
				INFOPLIST_FILE = ImageViewerUITests/Info.plist;
				LD_RUNPATH_SEARCH_PATHS = (
					"$(inherited)",
					"@executable_path/Frameworks",
					"@loader_path/Frameworks",
				);
				PRODUCT_BUNDLE_IDENTIFIER = com.notthereyet.org.ImageViewerUITests;
				PRODUCT_NAME = "$(TARGET_NAME)";
				SWIFT_VERSION = 5.0;
				TARGETED_DEVICE_FAMILY = "1,2";
				TEST_TARGET_NAME = ImageViewer;
			};
			name = Debug;
		};
		0D15BC5325335D73003152C3 /* Release */ = {
			isa = XCBuildConfiguration;
			baseConfigurationReference = 6B3C2EF83FC9B3B324C9FAD7 /* Pods-ImageViewer-ImageViewerUITests.release.xcconfig */;
			buildSettings = {
				ALWAYS_EMBED_SWIFT_STANDARD_LIBRARIES = YES;
				CODE_SIGN_STYLE = Automatic;
				INFOPLIST_FILE = ImageViewerUITests/Info.plist;
				LD_RUNPATH_SEARCH_PATHS = (
					"$(inherited)",
					"@executable_path/Frameworks",
					"@loader_path/Frameworks",
				);
				PRODUCT_BUNDLE_IDENTIFIER = com.notthereyet.org.ImageViewerUITests;
				PRODUCT_NAME = "$(TARGET_NAME)";
				SWIFT_VERSION = 5.0;
				TARGETED_DEVICE_FAMILY = "1,2";
				TEST_TARGET_NAME = ImageViewer;
			};
			name = Release;
		};
/* End XCBuildConfiguration section */

/* Begin XCConfigurationList section */
		0D15BC1C25335D6F003152C3 /* Build configuration list for PBXProject "ImageViewer" */ = {
			isa = XCConfigurationList;
			buildConfigurations = (
				0D15BC4925335D73003152C3 /* Debug */,
				0D15BC4A25335D73003152C3 /* Release */,
			);
			defaultConfigurationIsVisible = 0;
			defaultConfigurationName = Release;
		};
		0D15BC4B25335D73003152C3 /* Build configuration list for PBXNativeTarget "ImageViewer" */ = {
			isa = XCConfigurationList;
			buildConfigurations = (
				0D15BC4C25335D73003152C3 /* Debug */,
				0D15BC4D25335D73003152C3 /* Release */,
			);
			defaultConfigurationIsVisible = 0;
			defaultConfigurationName = Release;
		};
		0D15BC4E25335D73003152C3 /* Build configuration list for PBXNativeTarget "ImageViewerTests" */ = {
			isa = XCConfigurationList;
			buildConfigurations = (
				0D15BC4F25335D73003152C3 /* Debug */,
				0D15BC5025335D73003152C3 /* Release */,
			);
			defaultConfigurationIsVisible = 0;
			defaultConfigurationName = Release;
		};
		0D15BC5125335D73003152C3 /* Build configuration list for PBXNativeTarget "ImageViewerUITests" */ = {
			isa = XCConfigurationList;
			buildConfigurations = (
				0D15BC5225335D73003152C3 /* Debug */,
				0D15BC5325335D73003152C3 /* Release */,
			);
			defaultConfigurationIsVisible = 0;
			defaultConfigurationName = Release;
		};
/* End XCConfigurationList section */
	};
	rootObject = 0D15BC1925335D6F003152C3 /* Project object */;
}
